
Microsoft Visual Studio Solution File, Format Version 12.00
# Visual Studio Version 16
VisualStudioVersion = 16.0.30114.105
MinimumVisualStudioVersion = 10.0.40219.1
Project("{F184B08F-C81C-45F6-A57F-5ABD9991F28F}") = "EasyInno", "EasyInno\EasyInno.vbproj", "{39A2447D-8B98-49FE-AE92-1F002E59D51E}"
EndProject
Global
	GlobalSection(SolutionConfigurationPlatforms) = preSolution
		Debug|Any CPU = Debug|Any CPU
		Release|Any CPU = Release|Any CPU
	EndGlobalSection
	GlobalSection(ProjectConfigurationPlatforms) = postSolution
		{39A2447D-8B98-49FE-AE92-1F002E59D51E}.Debug|Any CPU.ActiveCfg = Debug|Any CPU
		{39A2447D-8B98-49FE-AE92-1F002E59D51E}.Debug|Any CPU.Build.0 = Debug|Any CPU
		{39A2447D-8B98-49FE-AE92-1F002E59D51E}.Release|Any CPU.ActiveCfg = Release|Any CPU
		{39A2447D-8B98-49FE-AE92-1F002E59D51E}.Release|Any CPU.Build.0 = Release|Any CPU
	EndGlobalSection
	GlobalSection(SolutionProperties) = preSolution
		HideSolutionNode = FALSE
	EndGlobalSection
	GlobalSection(ExtensibilityGlobals) = postSolution
		SolutionGuid = {5D4D92FD-28D2-4023-8E1C-941F9F31FAC7}
	EndGlobalSection
EndGlobal
